
Microsoft Visual Studio Solution File, Format Version 12.00
# Visual Studio 14
VisualStudioVersion = 14.0.25420.1
MinimumVisualStudioVersion = 10.0.40219.1
Project("{FAE04EC0-301F-11D3-BF4B-00C04F79EFBC}") = "01.BuyTheCake", "01.BuyTheCake\01.BuyTheCake.csproj", "{84B4F729-866B-4DA0-9B24-75E14F93960C}"
EndProject
Project("{FAE04EC0-301F-11D3-BF4B-00C04F79EFBC}") = "02.AddCake", "02.AddCake\02.AddCake.csproj", "{8A4C60A2-5A80-4A6D-9A90-C87C171AAF17}"
EndProject
Global
	GlobalSection(SolutionConfigurationPlatforms) = preSolution
		Debug|Any CPU = Debug|Any CPU
		Release|Any CPU = Release|Any CPU
	EndGlobalSection
	GlobalSection(ProjectConfigurationPlatforms) = postSolution
		{84B4F729-866B-4DA0-9B24-75E14F93960C}.Debug|Any CPU.ActiveCfg = Debug|Any CPU
		{84B4F729-866B-4DA0-9B24-75E14F93960C}.Debug|Any CPU.Build.0 = Debug|Any CPU
		{84B4F729-866B-4DA0-9B24-75E14F93960C}.Release|Any CPU.ActiveCfg = Release|Any CPU
		{84B4F729-866B-4DA0-9B24-75E14F93960C}.Release|Any CPU.Build.0 = Release|Any CPU
		{8A4C60A2-5A80-4A6D-9A90-C87C171AAF17}.Debug|Any CPU.ActiveCfg = Debug|Any CPU
		{8A4C60A2-5A80-4A6D-9A90-C87C171AAF17}.Debug|Any CPU.Build.0 = Debug|Any CPU
		{8A4C60A2-5A80-4A6D-9A90-C87C171AAF17}.Release|Any CPU.ActiveCfg = Release|Any CPU
		{8A4C60A2-5A80-4A6D-9A90-C87C171AAF17}.Release|Any CPU.Build.0 = Release|Any CPU
	EndGlobalSection
	GlobalSection(SolutionProperties) = preSolution
		HideSolutionNode = FALSE
	EndGlobalSection
EndGlobal
