
Microsoft Visual Studio Solution File, Format Version 12.00
# Visual Studio 14
VisualStudioVersion = 14.0.25420.1
MinimumVisualStudioVersion = 10.0.40219.1
Project("{FAE04EC0-301F-11D3-BF4B-00C04F79EFBC}") = "PizzaMore.Utility", "PizzaMore.Utility\PizzaMore.Utility.csproj", "{C826413D-21EB-4759-8792-CCDD9D99585C}"
EndProject
Project("{FAE04EC0-301F-11D3-BF4B-00C04F79EFBC}") = "PizzaMore.Data", "PizzaMore.Data\PizzaMore.Data.csproj", "{9183CD0B-5A88-4CD0-AD36-E19F27B6441E}"
EndProject
Project("{FAE04EC0-301F-11D3-BF4B-00C04F79EFBC}") = "Models", "Models\Models.csproj", "{57168E6D-4836-47DF-AB39-D3AAA783E075}"
EndProject
Project("{FAE04EC0-301F-11D3-BF4B-00C04F79EFBC}") = "PizzaMore.Home", "PizzaMore.Home\PizzaMore.Home.csproj", "{F5C2FF14-7BB2-4336-96C9-7DEAF7C640F5}"
EndProject
Global
	GlobalSection(SolutionConfigurationPlatforms) = preSolution
		Debug|Any CPU = Debug|Any CPU
		Release|Any CPU = Release|Any CPU
	EndGlobalSection
	GlobalSection(ProjectConfigurationPlatforms) = postSolution
		{C826413D-21EB-4759-8792-CCDD9D99585C}.Debug|Any CPU.ActiveCfg = Debug|Any CPU
		{C826413D-21EB-4759-8792-CCDD9D99585C}.Debug|Any CPU.Build.0 = Debug|Any CPU
		{C826413D-21EB-4759-8792-CCDD9D99585C}.Release|Any CPU.ActiveCfg = Release|Any CPU
		{C826413D-21EB-4759-8792-CCDD9D99585C}.Release|Any CPU.Build.0 = Release|Any CPU
		{9183CD0B-5A88-4CD0-AD36-E19F27B6441E}.Debug|Any CPU.ActiveCfg = Debug|Any CPU
		{9183CD0B-5A88-4CD0-AD36-E19F27B6441E}.Debug|Any CPU.Build.0 = Debug|Any CPU
		{9183CD0B-5A88-4CD0-AD36-E19F27B6441E}.Release|Any CPU.ActiveCfg = Release|Any CPU
		{9183CD0B-5A88-4CD0-AD36-E19F27B6441E}.Release|Any CPU.Build.0 = Release|Any CPU
		{57168E6D-4836-47DF-AB39-D3AAA783E075}.Debug|Any CPU.ActiveCfg = Debug|Any CPU
		{57168E6D-4836-47DF-AB39-D3AAA783E075}.Debug|Any CPU.Build.0 = Debug|Any CPU
		{57168E6D-4836-47DF-AB39-D3AAA783E075}.Release|Any CPU.ActiveCfg = Release|Any CPU
		{57168E6D-4836-47DF-AB39-D3AAA783E075}.Release|Any CPU.Build.0 = Release|Any CPU
		{F5C2FF14-7BB2-4336-96C9-7DEAF7C640F5}.Debug|Any CPU.ActiveCfg = Debug|Any CPU
		{F5C2FF14-7BB2-4336-96C9-7DEAF7C640F5}.Debug|Any CPU.Build.0 = Debug|Any CPU
		{F5C2FF14-7BB2-4336-96C9-7DEAF7C640F5}.Release|Any CPU.ActiveCfg = Release|Any CPU
		{F5C2FF14-7BB2-4336-96C9-7DEAF7C640F5}.Release|Any CPU.Build.0 = Release|Any CPU
	EndGlobalSection
	GlobalSection(SolutionProperties) = preSolution
		HideSolutionNode = FALSE
	EndGlobalSection
EndGlobal
